
Microsoft Visual Studio Solution File, Format Version 12.00
# Visual Studio 15
VisualStudioVersion = 15.0.28307.572
MinimumVisualStudioVersion = 10.0.40219.1
Project("{FAE04EC0-301F-11D3-BF4B-00C04F79EFBC}") = "MVCAddressBook", "MVCAddressBook\MVCAddressBook.csproj", "{DA34DEB0-C7F0-4837-87DE-4036B7ADE014}"
EndProject
Global
	GlobalSection(SolutionConfigurationPlatforms) = preSolution
		Debug|Any CPU = Debug|Any CPU
		Release|Any CPU = Release|Any CPU
	EndGlobalSection
	GlobalSection(ProjectConfigurationPlatforms) = postSolution
		{DA34DEB0-C7F0-4837-87DE-4036B7ADE014}.Debug|Any CPU.ActiveCfg = Debug|Any CPU
		{DA34DEB0-C7F0-4837-87DE-4036B7ADE014}.Debug|Any CPU.Build.0 = Debug|Any CPU
		{DA34DEB0-C7F0-4837-87DE-4036B7ADE014}.Release|Any CPU.ActiveCfg = Release|Any CPU
		{DA34DEB0-C7F0-4837-87DE-4036B7ADE014}.Release|Any CPU.Build.0 = Release|Any CPU
	EndGlobalSection
	GlobalSection(SolutionProperties) = preSolution
		HideSolutionNode = FALSE
	EndGlobalSection
	GlobalSection(ExtensibilityGlobals) = postSolution
		SolutionGuid = {FA3B49F9-668E-4166-B8F5-187DA6986DBF}
	EndGlobalSection
EndGlobal
